
Microsoft Visual Studio Solution File, Format Version 12.00
# Visual Studio Version 17
VisualStudioVersion = 17.7.34221.43
MinimumVisualStudioVersion = 10.0.40219.1
Project("{FAE04EC0-301F-11D3-BF4B-00C04F79EFBC}") = "ITstepDb", "ITstepDb\ITstepDb.csproj", "{915A7E73-E667-40ED-A716-56F192DA634C}"
EndProject
Global
	GlobalSection(SolutionConfigurationPlatforms) = preSolution
		Debug|Any CPU = Debug|Any CPU
		Release|Any CPU = Release|Any CPU
	EndGlobalSection
	GlobalSection(ProjectConfigurationPlatforms) = postSolution
		{915A7E73-E667-40ED-A716-56F192DA634C}.Debug|Any CPU.ActiveCfg = Debug|Any CPU
		{915A7E73-E667-40ED-A716-56F192DA634C}.Debug|Any CPU.Build.0 = Debug|Any CPU
		{915A7E73-E667-40ED-A716-56F192DA634C}.Release|Any CPU.ActiveCfg = Release|Any CPU
		{915A7E73-E667-40ED-A716-56F192DA634C}.Release|Any CPU.Build.0 = Release|Any CPU
	EndGlobalSection
	GlobalSection(SolutionProperties) = preSolution
		HideSolutionNode = FALSE
	EndGlobalSection
	GlobalSection(ExtensibilityGlobals) = postSolution
		SolutionGuid = {CB02F365-FD62-4E42-AD84-D26ED9EFEBA4}
	EndGlobalSection
EndGlobal
